
Microsoft Visual Studio Solution File, Format Version 12.00
# Visual Studio Version 17
VisualStudioVersion = 17.0.31912.275
MinimumVisualStudioVersion = 10.0.40219.1
Project("{FAE04EC0-301F-11D3-BF4B-00C04F79EFBC}") = "WindowsFormsApp3", "WindowsFormsApp3\WindowsFormsApp3.csproj", "{59ACF8C2-FCDF-4012-AC56-A3D82CB83E21}"
EndProject
Global
	GlobalSection(SolutionConfigurationPlatforms) = preSolution
		Debug|Any CPU = Debug|Any CPU
		Release|Any CPU = Release|Any CPU
	EndGlobalSection
	GlobalSection(ProjectConfigurationPlatforms) = postSolution
		{59ACF8C2-FCDF-4012-AC56-A3D82CB83E21}.Debug|Any CPU.ActiveCfg = Debug|Any CPU
		{59ACF8C2-FCDF-4012-AC56-A3D82CB83E21}.Debug|Any CPU.Build.0 = Debug|Any CPU
		{59ACF8C2-FCDF-4012-AC56-A3D82CB83E21}.Release|Any CPU.ActiveCfg = Release|Any CPU
		{59ACF8C2-FCDF-4012-AC56-A3D82CB83E21}.Release|Any CPU.Build.0 = Release|Any CPU
	EndGlobalSection
	GlobalSection(SolutionProperties) = preSolution
		HideSolutionNode = FALSE
	EndGlobalSection
	GlobalSection(ExtensibilityGlobals) = postSolution
		SolutionGuid = {6036FDAE-EF5D-4307-85D7-D5434A67C198}
	EndGlobalSection
EndGlobal
